
Microsoft Visual Studio Solution File, Format Version 12.00
# Visual Studio Version 17
VisualStudioVersion = 17.14.36511.14
MinimumVisualStudioVersion = 10.0.40219.1
Project("{FAE04EC0-301F-11D3-BF4B-00C04F79EFBC}") = "tpc-equipo-4a", "tpc-equipo-4a\tpc-equipo-4a.csproj", "{5E923C47-FFEC-4665-9829-C763AF4537DE}"
EndProject
Project("{FAE04EC0-301F-11D3-BF4B-00C04F79EFBC}") = "dominio", "dominio\dominio.csproj", "{85CEFB43-DB91-415E-B900-F13DFFCC709C}"
EndProject
Project("{FAE04EC0-301F-11D3-BF4B-00C04F79EFBC}") = "negocio", "negocio\negocio.csproj", "{8E5F32CE-FF00-4B32-90F7-ADF3F5AAD542}"
EndProject
Global
	GlobalSection(SolutionConfigurationPlatforms) = preSolution
		Debug|Any CPU = Debug|Any CPU
		Release|Any CPU = Release|Any CPU
	EndGlobalSection
	GlobalSection(ProjectConfigurationPlatforms) = postSolution
		{5E923C47-FFEC-4665-9829-C763AF4537DE}.Debug|Any CPU.ActiveCfg = Debug|Any CPU
		{5E923C47-FFEC-4665-9829-C763AF4537DE}.Debug|Any CPU.Build.0 = Debug|Any CPU
		{5E923C47-FFEC-4665-9829-C763AF4537DE}.Release|Any CPU.ActiveCfg = Release|Any CPU
		{5E923C47-FFEC-4665-9829-C763AF4537DE}.Release|Any CPU.Build.0 = Release|Any CPU
		{85CEFB43-DB91-415E-B900-F13DFFCC709C}.Debug|Any CPU.ActiveCfg = Debug|Any CPU
		{85CEFB43-DB91-415E-B900-F13DFFCC709C}.Debug|Any CPU.Build.0 = Debug|Any CPU
		{85CEFB43-DB91-415E-B900-F13DFFCC709C}.Release|Any CPU.ActiveCfg = Release|Any CPU
		{85CEFB43-DB91-415E-B900-F13DFFCC709C}.Release|Any CPU.Build.0 = Release|Any CPU
		{8E5F32CE-FF00-4B32-90F7-ADF3F5AAD542}.Debug|Any CPU.ActiveCfg = Debug|Any CPU
		{8E5F32CE-FF00-4B32-90F7-ADF3F5AAD542}.Debug|Any CPU.Build.0 = Debug|Any CPU
		{8E5F32CE-FF00-4B32-90F7-ADF3F5AAD542}.Release|Any CPU.ActiveCfg = Release|Any CPU
		{8E5F32CE-FF00-4B32-90F7-ADF3F5AAD542}.Release|Any CPU.Build.0 = Release|Any CPU
	EndGlobalSection
	GlobalSection(SolutionProperties) = preSolution
		HideSolutionNode = FALSE
	EndGlobalSection
	GlobalSection(ExtensibilityGlobals) = postSolution
		SolutionGuid = {B8A43B85-BEFE-44E7-8B68-EE4E038CD068}
	EndGlobalSection
EndGlobal
